
Microsoft Visual Studio Solution File, Format Version 12.00
# Visual Studio 14
VisualStudioVersion = 14.0.22310.1
MinimumVisualStudioVersion = 10.0.40219.1
Project("{FAE04EC0-301F-11D3-BF4B-00C04F79EFBC}") = "Lab2GameOfLife", "Lab2GameOfLife\Lab2GameOfLife.csproj", "{A829BD5C-27F7-43FB-8E3B-87FB16C858C2}"
EndProject
Global
	GlobalSection(SolutionConfigurationPlatforms) = preSolution
		Debug|Any CPU = Debug|Any CPU
		Release|Any CPU = Release|Any CPU
	EndGlobalSection
	GlobalSection(ProjectConfigurationPlatforms) = postSolution
		{A829BD5C-27F7-43FB-8E3B-87FB16C858C2}.Debug|Any CPU.ActiveCfg = Debug|Any CPU
		{A829BD5C-27F7-43FB-8E3B-87FB16C858C2}.Debug|Any CPU.Build.0 = Debug|Any CPU
		{A829BD5C-27F7-43FB-8E3B-87FB16C858C2}.Release|Any CPU.ActiveCfg = Release|Any CPU
		{A829BD5C-27F7-43FB-8E3B-87FB16C858C2}.Release|Any CPU.Build.0 = Release|Any CPU
	EndGlobalSection
	GlobalSection(SolutionProperties) = preSolution
		HideSolutionNode = FALSE
	EndGlobalSection
EndGlobal
